
Microsoft Visual Studio Solution File, Format Version 12.00
# Visual Studio Version 16
VisualStudioVersion = 16.0.30104.148
MinimumVisualStudioVersion = 10.0.40219.1
Project("{FAE04EC0-301F-11D3-BF4B-00C04F79EFBC}") = "ArraysAndLists", "ArraysAndLists\ArraysAndLists.csproj", "{51D237A0-1B26-498E-A86C-A5A85E748C05}"
EndProject
Global
	GlobalSection(SolutionConfigurationPlatforms) = preSolution
		Debug|Any CPU = Debug|Any CPU
		Release|Any CPU = Release|Any CPU
	EndGlobalSection
	GlobalSection(ProjectConfigurationPlatforms) = postSolution
		{51D237A0-1B26-498E-A86C-A5A85E748C05}.Debug|Any CPU.ActiveCfg = Debug|Any CPU
		{51D237A0-1B26-498E-A86C-A5A85E748C05}.Debug|Any CPU.Build.0 = Debug|Any CPU
		{51D237A0-1B26-498E-A86C-A5A85E748C05}.Release|Any CPU.ActiveCfg = Release|Any CPU
		{51D237A0-1B26-498E-A86C-A5A85E748C05}.Release|Any CPU.Build.0 = Release|Any CPU
	EndGlobalSection
	GlobalSection(SolutionProperties) = preSolution
		HideSolutionNode = FALSE
	EndGlobalSection
	GlobalSection(ExtensibilityGlobals) = postSolution
		SolutionGuid = {3C391E06-E87E-4A80-A3B8-CBEFFC69AA1E}
	EndGlobalSection
EndGlobal
