
Microsoft Visual Studio Solution File, Format Version 12.00
# Visual Studio Version 16
VisualStudioVersion = 16.0.30104.148
MinimumVisualStudioVersion = 10.0.40219.1
Project("{FAE04EC0-301F-11D3-BF4B-00C04F79EFBC}") = "VariablesAndDataTypes", "VariablesAndDataTypes\VariablesAndDataTypes.csproj", "{1A296BAC-0E0C-4640-B093-A0C4CB77BC7B}"
EndProject
Global
	GlobalSection(SolutionConfigurationPlatforms) = preSolution
		Debug|Any CPU = Debug|Any CPU
		Release|Any CPU = Release|Any CPU
	EndGlobalSection
	GlobalSection(ProjectConfigurationPlatforms) = postSolution
		{1A296BAC-0E0C-4640-B093-A0C4CB77BC7B}.Debug|Any CPU.ActiveCfg = Debug|Any CPU
		{1A296BAC-0E0C-4640-B093-A0C4CB77BC7B}.Debug|Any CPU.Build.0 = Debug|Any CPU
		{1A296BAC-0E0C-4640-B093-A0C4CB77BC7B}.Release|Any CPU.ActiveCfg = Release|Any CPU
		{1A296BAC-0E0C-4640-B093-A0C4CB77BC7B}.Release|Any CPU.Build.0 = Release|Any CPU
	EndGlobalSection
	GlobalSection(SolutionProperties) = preSolution
		HideSolutionNode = FALSE
	EndGlobalSection
	GlobalSection(ExtensibilityGlobals) = postSolution
		SolutionGuid = {292FE3F9-C5B9-485E-94F0-630798165773}
	EndGlobalSection
EndGlobal
