
Microsoft Visual Studio Solution File, Format Version 12.00
# Visual Studio Version 16
VisualStudioVersion = 16.0.30104.148
MinimumVisualStudioVersion = 10.0.40219.1
Project("{FAE04EC0-301F-11D3-BF4B-00C04F79EFBC}") = "AcmeAssignment", "AcmeAssignment\AcmeAssignment.csproj", "{9CC8E09D-740B-4053-8892-EAE06A47A471}"
EndProject
Global
	GlobalSection(SolutionConfigurationPlatforms) = preSolution
		Debug|Any CPU = Debug|Any CPU
		Release|Any CPU = Release|Any CPU
	EndGlobalSection
	GlobalSection(ProjectConfigurationPlatforms) = postSolution
		{9CC8E09D-740B-4053-8892-EAE06A47A471}.Debug|Any CPU.ActiveCfg = Debug|Any CPU
		{9CC8E09D-740B-4053-8892-EAE06A47A471}.Debug|Any CPU.Build.0 = Debug|Any CPU
		{9CC8E09D-740B-4053-8892-EAE06A47A471}.Release|Any CPU.ActiveCfg = Release|Any CPU
		{9CC8E09D-740B-4053-8892-EAE06A47A471}.Release|Any CPU.Build.0 = Release|Any CPU
	EndGlobalSection
	GlobalSection(SolutionProperties) = preSolution
		HideSolutionNode = FALSE
	EndGlobalSection
	GlobalSection(ExtensibilityGlobals) = postSolution
		SolutionGuid = {931BB9B2-F5DA-4168-99A5-2F90E2048D7F}
	EndGlobalSection
EndGlobal
